
Microsoft Visual Studio Solution File, Format Version 12.00
# Visual Studio Version 17
VisualStudioVersion = 17.0.31903.59
MinimumVisualStudioVersion = 10.0.40219.1
Project("{FAE04EC0-301F-11D3-BF4B-00C04F79EFBC}") = "Domain", "Domain\Domain.csproj", "{5601A40C-C11B-4B64-A7E9-5832586A21B7}"
EndProject
Project("{FAE04EC0-301F-11D3-BF4B-00C04F79EFBC}") = "Infrastructure", "Infrastructure\Infrastructure.csproj", "{0FB0AB4D-B1A7-44EB-A8D2-AE4C1829A434}"
EndProject
Project("{FAE04EC0-301F-11D3-BF4B-00C04F79EFBC}") = "WebApi", "WebApi\WebApi.csproj", "{B499AC31-38B5-457A-A8D7-EBF59DBC359D}"
EndProject
Global
	GlobalSection(SolutionConfigurationPlatforms) = preSolution
		Debug|Any CPU = Debug|Any CPU
		Release|Any CPU = Release|Any CPU
	EndGlobalSection
	GlobalSection(SolutionProperties) = preSolution
		HideSolutionNode = FALSE
	EndGlobalSection
	GlobalSection(ProjectConfigurationPlatforms) = postSolution
		{5601A40C-C11B-4B64-A7E9-5832586A21B7}.Debug|Any CPU.ActiveCfg = Debug|Any CPU
		{5601A40C-C11B-4B64-A7E9-5832586A21B7}.Debug|Any CPU.Build.0 = Debug|Any CPU
		{5601A40C-C11B-4B64-A7E9-5832586A21B7}.Release|Any CPU.ActiveCfg = Release|Any CPU
		{5601A40C-C11B-4B64-A7E9-5832586A21B7}.Release|Any CPU.Build.0 = Release|Any CPU
		{0FB0AB4D-B1A7-44EB-A8D2-AE4C1829A434}.Debug|Any CPU.ActiveCfg = Debug|Any CPU
		{0FB0AB4D-B1A7-44EB-A8D2-AE4C1829A434}.Debug|Any CPU.Build.0 = Debug|Any CPU
		{0FB0AB4D-B1A7-44EB-A8D2-AE4C1829A434}.Release|Any CPU.ActiveCfg = Release|Any CPU
		{0FB0AB4D-B1A7-44EB-A8D2-AE4C1829A434}.Release|Any CPU.Build.0 = Release|Any CPU
		{B499AC31-38B5-457A-A8D7-EBF59DBC359D}.Debug|Any CPU.ActiveCfg = Debug|Any CPU
		{B499AC31-38B5-457A-A8D7-EBF59DBC359D}.Debug|Any CPU.Build.0 = Debug|Any CPU
		{B499AC31-38B5-457A-A8D7-EBF59DBC359D}.Release|Any CPU.ActiveCfg = Release|Any CPU
		{B499AC31-38B5-457A-A8D7-EBF59DBC359D}.Release|Any CPU.Build.0 = Release|Any CPU
	EndGlobalSection
EndGlobal
